// !$*UTF8*$!
{
	archiveVersion = 1;
	classes = {};
	objectVersion = 60;
	objects = {

/* Begin PBXBuildFile section */
		6E5ADF97B74568D5E0C965A2 /* RootView.swift in Sources */ = {isa = PBXBuildFile; fileRef = 98470E50E821F5F2AF00BB26 /* RootView.swift */; };
		79A74A4C9194F8B7DFC64AB1 /* SessionStore.swift in Sources */ = {isa = PBXBuildFile; fileRef = 53A69F7A44E8F715D22C509C /* SessionStore.swift */; };
		D6131BE0A2AE0DF610243DAB /* TijingApp.swift in Sources */ = {isa = PBXBuildFile; fileRef = 8FE472762FE569A486580C45 /* TijingApp.swift */; };
		105791928669CAE5B7B83E49 /* QuestionMediaView.swift in Sources */ = {isa = PBXBuildFile; fileRef = DCF6062C0F52A577ACFD0649 /* QuestionMediaView.swift */; };
		42741D628487C69F98E57E3A /* RemoteAvatar.swift in Sources */ = {isa = PBXBuildFile; fileRef = 18D31DF9D92F9E2A1015CF57 /* RemoteAvatar.swift */; };
		A07D8BCA749F515E22997D90 /* StatTile.swift in Sources */ = {isa = PBXBuildFile; fileRef = C885936E347DE2DC60AC0097 /* StatTile.swift */; };
		C0B152008A8DA68E080843E8 /* TijingDesign.swift in Sources */ = {isa = PBXBuildFile; fileRef = C86059123637648878463BAA /* TijingDesign.swift */; };
		7B593FE8762E76C85CC81150 /* APIClient.swift in Sources */ = {isa = PBXBuildFile; fileRef = 3C2869B1B1D5A358576E332C /* APIClient.swift */; };
		22132B8CE20366F2225A5294 /* DeviceIdentity.swift in Sources */ = {isa = PBXBuildFile; fileRef = BEB647286A879735C9EB5D1E /* DeviceIdentity.swift */; };
		71AB2ABA3C2D4C739E72A902 /* Formatters.swift in Sources */ = {isa = PBXBuildFile; fileRef = 6D39F947F6B424D72804C127 /* Formatters.swift */; };
		B10224388C82FDD2564E8CD3 /* Haptics.swift in Sources */ = {isa = PBXBuildFile; fileRef = A76B6196206B21F1890ADFD3 /* Haptics.swift */; };
		B2DB414C5801A1A0791C10A3 /* KeychainStore.swift in Sources */ = {isa = PBXBuildFile; fileRef = DD1009E148F2E7954C5E5489 /* KeychainStore.swift */; };
		459DECD69E51F6D0D70CCFE4 /* AuthView.swift in Sources */ = {isa = PBXBuildFile; fileRef = 0FBA0FDD97F1B94329F964E5 /* AuthView.swift */; };
		22592884A302647DECB4BA05 /* BattleLobbyView.swift in Sources */ = {isa = PBXBuildFile; fileRef = 59A0B3A8CA1205631657C466 /* BattleLobbyView.swift */; };
		F1E1C50408F27DCF22FA783C /* BattleRoomView.swift in Sources */ = {isa = PBXBuildFile; fileRef = 7AE8871D25F684FAB28403D3 /* BattleRoomView.swift */; };
		D5F20748E96922C1848D53CE /* BattleStore.swift in Sources */ = {isa = PBXBuildFile; fileRef = 2B28236E60A4D4302E96B5E4 /* BattleStore.swift */; };
		6E35B6346DE911835C1619AE /* ExamCalendarView.swift in Sources */ = {isa = PBXBuildFile; fileRef = CCCC2D1FDF3FA503864FB7BD /* ExamCalendarView.swift */; };
		850CBD8D0902830546074320 /* FriendsView.swift in Sources */ = {isa = PBXBuildFile; fileRef = B6EDAB50319CD29A6F0EF108 /* FriendsView.swift */; };
		6063530F57A534C45D519F74 /* DailyChallengeView.swift in Sources */ = {isa = PBXBuildFile; fileRef = 932CD83B219E396BE36D7B59 /* DailyChallengeView.swift */; };
		ED516CE2FE773EA1758789F9 /* HomeView.swift in Sources */ = {isa = PBXBuildFile; fileRef = 84A971B2F2C7D94108A4ACC5 /* HomeView.swift */; };
		E2B2738C57615910DEC40DC2 /* LearningView.swift in Sources */ = {isa = PBXBuildFile; fileRef = CF8600AF2624611CE64A8A51 /* LearningView.swift */; };
		27E2A779ED7C338AA66B0149 /* NotificationsView.swift in Sources */ = {isa = PBXBuildFile; fileRef = CEA44EB68466BE2F718E9109 /* NotificationsView.swift */; };
		7B9F8E5456C104F3C46BD11B /* PracticeCatalogView.swift in Sources */ = {isa = PBXBuildFile; fileRef = C7D7D482E680D2B9A1075055 /* PracticeCatalogView.swift */; };
		50880DE3E808C1E1C0E8E994 /* PracticeHubView.swift in Sources */ = {isa = PBXBuildFile; fileRef = 9DF2C4D2080037528DBAC044 /* PracticeHubView.swift */; };
		6564E23FEE58DB6AA5F1C52F /* PracticeSessionView.swift in Sources */ = {isa = PBXBuildFile; fileRef = E90E0533A1A15CD41F32DAD4 /* PracticeSessionView.swift */; };
		3275C23FA37B403CB4E888FF /* PracticeSettingsView.swift in Sources */ = {isa = PBXBuildFile; fileRef = 7693CC57D0CF58378E3DB700 /* PracticeSettingsView.swift */; };
		E21BD0A914D6FFDD803416BD /* PracticeStore.swift in Sources */ = {isa = PBXBuildFile; fileRef = B86C669586D41DCE95770CDE /* PracticeStore.swift */; };
		EDFB1BD8ED63A121EC6F7B5C /* AccountSecurityView.swift in Sources */ = {isa = PBXBuildFile; fileRef = 1E218C3CAA4A5272117B0CA3 /* AccountSecurityView.swift */; };
		6C888340F14F57800C5C147A /* BattleHistoryView.swift in Sources */ = {isa = PBXBuildFile; fileRef = 88F91F8687D45C76554518D9 /* BattleHistoryView.swift */; };
		30C3E68261677033E2F03C4B /* PolicyViews.swift in Sources */ = {isa = PBXBuildFile; fileRef = 7A09F31197D99D8EC378BF47 /* PolicyViews.swift */; };
		0BFBCB6F94D084E067A43ACD /* ProfileView.swift in Sources */ = {isa = PBXBuildFile; fileRef = 7BB65496616EB948AAC13B07 /* ProfileView.swift */; };
		AB26CC249F68EEEF8DAA5EFF /* SuggestionView.swift in Sources */ = {isa = PBXBuildFile; fileRef = 5A5C25FA366650FB970F63D1 /* SuggestionView.swift */; };
		15D6A7590D45A2A2F63BE03C /* RankingView.swift in Sources */ = {isa = PBXBuildFile; fileRef = 9232AC4727801E296A75A1D0 /* RankingView.swift */; };
		B66C70A30AED04661445EA80 /* AuthModels.swift in Sources */ = {isa = PBXBuildFile; fileRef = 491CB2D389CD10B33FEE2281 /* AuthModels.swift */; };
		C0C1742EB7377BD771AF9C6E /* BattleModels.swift in Sources */ = {isa = PBXBuildFile; fileRef = 974B52C6C09BD9AF098F932B /* BattleModels.swift */; };
		48A5CE7D4B046AD42C654438 /* CalendarModels.swift in Sources */ = {isa = PBXBuildFile; fileRef = 7B20DD24C7A8D73511FA005B /* CalendarModels.swift */; };
		C5551C1B80F264500117E5B3 /* CommunityModels.swift in Sources */ = {isa = PBXBuildFile; fileRef = EEB0F3A8C1F754E0AB9A4881 /* CommunityModels.swift */; };
		FE9A9B7ED1B8241A2D0958F5 /* HomeModels.swift in Sources */ = {isa = PBXBuildFile; fileRef = DC07CC1E0E9F79A2729A4463 /* HomeModels.swift */; };
		A3F51BD8D29E7806B80B1E01 /* PracticeModels.swift in Sources */ = {isa = PBXBuildFile; fileRef = D07039BAFDB9DCF90521883D /* PracticeModels.swift */; };
		4986E353A14E3669DE4F7D97 /* Question.swift in Sources */ = {isa = PBXBuildFile; fileRef = 145AC617424D56CAAA985986 /* Question.swift */; };
		101805BB177B1709B5D33F71 /* RealtimeModels.swift in Sources */ = {isa = PBXBuildFile; fileRef = 1F79AB228755C83221BEA77C /* RealtimeModels.swift */; };
		ED9473D0003D3AD92E829F8D /* User.swift in Sources */ = {isa = PBXBuildFile; fileRef = C05E6278520FED73AFCF2A81 /* User.swift */; };
		C1FFFB61196F8C993C0041FD /* Assets.xcassets in Resources */ = {isa = PBXBuildFile; fileRef = 2D6B09E88795AD7F34C13859 /* Assets.xcassets */; };
/* End PBXBuildFile section */

/* Begin PBXFileReference section */
		98470E50E821F5F2AF00BB26 /* RootView.swift */ = {isa = PBXFileReference; lastKnownFileType = sourcecode.swift; path = "App/RootView.swift"; sourceTree = "<group>"; };
		53A69F7A44E8F715D22C509C /* SessionStore.swift */ = {isa = PBXFileReference; lastKnownFileType = sourcecode.swift; path = "App/SessionStore.swift"; sourceTree = "<group>"; };
		8FE472762FE569A486580C45 /* TijingApp.swift */ = {isa = PBXFileReference; lastKnownFileType = sourcecode.swift; path = "App/TijingApp.swift"; sourceTree = "<group>"; };
		DCF6062C0F52A577ACFD0649 /* QuestionMediaView.swift */ = {isa = PBXFileReference; lastKnownFileType = sourcecode.swift; path = "Components/QuestionMediaView.swift"; sourceTree = "<group>"; };
		18D31DF9D92F9E2A1015CF57 /* RemoteAvatar.swift */ = {isa = PBXFileReference; lastKnownFileType = sourcecode.swift; path = "Components/RemoteAvatar.swift"; sourceTree = "<group>"; };
		C885936E347DE2DC60AC0097 /* StatTile.swift */ = {isa = PBXFileReference; lastKnownFileType = sourcecode.swift; path = "Components/StatTile.swift"; sourceTree = "<group>"; };
		C86059123637648878463BAA /* TijingDesign.swift */ = {isa = PBXFileReference; lastKnownFileType = sourcecode.swift; path = "Components/TijingDesign.swift"; sourceTree = "<group>"; };
		3C2869B1B1D5A358576E332C /* APIClient.swift */ = {isa = PBXFileReference; lastKnownFileType = sourcecode.swift; path = "Core/APIClient.swift"; sourceTree = "<group>"; };
		BEB647286A879735C9EB5D1E /* DeviceIdentity.swift */ = {isa = PBXFileReference; lastKnownFileType = sourcecode.swift; path = "Core/DeviceIdentity.swift"; sourceTree = "<group>"; };
		6D39F947F6B424D72804C127 /* Formatters.swift */ = {isa = PBXFileReference; lastKnownFileType = sourcecode.swift; path = "Core/Formatters.swift"; sourceTree = "<group>"; };
		A76B6196206B21F1890ADFD3 /* Haptics.swift */ = {isa = PBXFileReference; lastKnownFileType = sourcecode.swift; path = "Core/Haptics.swift"; sourceTree = "<group>"; };
		DD1009E148F2E7954C5E5489 /* KeychainStore.swift */ = {isa = PBXFileReference; lastKnownFileType = sourcecode.swift; path = "Core/KeychainStore.swift"; sourceTree = "<group>"; };
		0FBA0FDD97F1B94329F964E5 /* AuthView.swift */ = {isa = PBXFileReference; lastKnownFileType = sourcecode.swift; path = "Features/Auth/AuthView.swift"; sourceTree = "<group>"; };
		59A0B3A8CA1205631657C466 /* BattleLobbyView.swift */ = {isa = PBXFileReference; lastKnownFileType = sourcecode.swift; path = "Features/Battle/BattleLobbyView.swift"; sourceTree = "<group>"; };
		7AE8871D25F684FAB28403D3 /* BattleRoomView.swift */ = {isa = PBXFileReference; lastKnownFileType = sourcecode.swift; path = "Features/Battle/BattleRoomView.swift"; sourceTree = "<group>"; };
		2B28236E60A4D4302E96B5E4 /* BattleStore.swift */ = {isa = PBXFileReference; lastKnownFileType = sourcecode.swift; path = "Features/Battle/BattleStore.swift"; sourceTree = "<group>"; };
		CCCC2D1FDF3FA503864FB7BD /* ExamCalendarView.swift */ = {isa = PBXFileReference; lastKnownFileType = sourcecode.swift; path = "Features/Calendar/ExamCalendarView.swift"; sourceTree = "<group>"; };
		B6EDAB50319CD29A6F0EF108 /* FriendsView.swift */ = {isa = PBXFileReference; lastKnownFileType = sourcecode.swift; path = "Features/Friends/FriendsView.swift"; sourceTree = "<group>"; };
		932CD83B219E396BE36D7B59 /* DailyChallengeView.swift */ = {isa = PBXFileReference; lastKnownFileType = sourcecode.swift; path = "Features/Home/DailyChallengeView.swift"; sourceTree = "<group>"; };
		84A971B2F2C7D94108A4ACC5 /* HomeView.swift */ = {isa = PBXFileReference; lastKnownFileType = sourcecode.swift; path = "Features/Home/HomeView.swift"; sourceTree = "<group>"; };
		CF8600AF2624611CE64A8A51 /* LearningView.swift */ = {isa = PBXFileReference; lastKnownFileType = sourcecode.swift; path = "Features/Learning/LearningView.swift"; sourceTree = "<group>"; };
		CEA44EB68466BE2F718E9109 /* NotificationsView.swift */ = {isa = PBXFileReference; lastKnownFileType = sourcecode.swift; path = "Features/Notifications/NotificationsView.swift"; sourceTree = "<group>"; };
		C7D7D482E680D2B9A1075055 /* PracticeCatalogView.swift */ = {isa = PBXFileReference; lastKnownFileType = sourcecode.swift; path = "Features/Practice/PracticeCatalogView.swift"; sourceTree = "<group>"; };
		9DF2C4D2080037528DBAC044 /* PracticeHubView.swift */ = {isa = PBXFileReference; lastKnownFileType = sourcecode.swift; path = "Features/Practice/PracticeHubView.swift"; sourceTree = "<group>"; };
		E90E0533A1A15CD41F32DAD4 /* PracticeSessionView.swift */ = {isa = PBXFileReference; lastKnownFileType = sourcecode.swift; path = "Features/Practice/PracticeSessionView.swift"; sourceTree = "<group>"; };
		7693CC57D0CF58378E3DB700 /* PracticeSettingsView.swift */ = {isa = PBXFileReference; lastKnownFileType = sourcecode.swift; path = "Features/Practice/PracticeSettingsView.swift"; sourceTree = "<group>"; };
		B86C669586D41DCE95770CDE /* PracticeStore.swift */ = {isa = PBXFileReference; lastKnownFileType = sourcecode.swift; path = "Features/Practice/PracticeStore.swift"; sourceTree = "<group>"; };
		1E218C3CAA4A5272117B0CA3 /* AccountSecurityView.swift */ = {isa = PBXFileReference; lastKnownFileType = sourcecode.swift; path = "Features/Profile/AccountSecurityView.swift"; sourceTree = "<group>"; };
		88F91F8687D45C76554518D9 /* BattleHistoryView.swift */ = {isa = PBXFileReference; lastKnownFileType = sourcecode.swift; path = "Features/Profile/BattleHistoryView.swift"; sourceTree = "<group>"; };
		7A09F31197D99D8EC378BF47 /* PolicyViews.swift */ = {isa = PBXFileReference; lastKnownFileType = sourcecode.swift; path = "Features/Profile/PolicyViews.swift"; sourceTree = "<group>"; };
		7BB65496616EB948AAC13B07 /* ProfileView.swift */ = {isa = PBXFileReference; lastKnownFileType = sourcecode.swift; path = "Features/Profile/ProfileView.swift"; sourceTree = "<group>"; };
		5A5C25FA366650FB970F63D1 /* SuggestionView.swift */ = {isa = PBXFileReference; lastKnownFileType = sourcecode.swift; path = "Features/Profile/SuggestionView.swift"; sourceTree = "<group>"; };
		9232AC4727801E296A75A1D0 /* RankingView.swift */ = {isa = PBXFileReference; lastKnownFileType = sourcecode.swift; path = "Features/Ranking/RankingView.swift"; sourceTree = "<group>"; };
		491CB2D389CD10B33FEE2281 /* AuthModels.swift */ = {isa = PBXFileReference; lastKnownFileType = sourcecode.swift; path = "Models/AuthModels.swift"; sourceTree = "<group>"; };
		974B52C6C09BD9AF098F932B /* BattleModels.swift */ = {isa = PBXFileReference; lastKnownFileType = sourcecode.swift; path = "Models/BattleModels.swift"; sourceTree = "<group>"; };
		7B20DD24C7A8D73511FA005B /* CalendarModels.swift */ = {isa = PBXFileReference; lastKnownFileType = sourcecode.swift; path = "Models/CalendarModels.swift"; sourceTree = "<group>"; };
		EEB0F3A8C1F754E0AB9A4881 /* CommunityModels.swift */ = {isa = PBXFileReference; lastKnownFileType = sourcecode.swift; path = "Models/CommunityModels.swift"; sourceTree = "<group>"; };
		DC07CC1E0E9F79A2729A4463 /* HomeModels.swift */ = {isa = PBXFileReference; lastKnownFileType = sourcecode.swift; path = "Models/HomeModels.swift"; sourceTree = "<group>"; };
		D07039BAFDB9DCF90521883D /* PracticeModels.swift */ = {isa = PBXFileReference; lastKnownFileType = sourcecode.swift; path = "Models/PracticeModels.swift"; sourceTree = "<group>"; };
		145AC617424D56CAAA985986 /* Question.swift */ = {isa = PBXFileReference; lastKnownFileType = sourcecode.swift; path = "Models/Question.swift"; sourceTree = "<group>"; };
		1F79AB228755C83221BEA77C /* RealtimeModels.swift */ = {isa = PBXFileReference; lastKnownFileType = sourcecode.swift; path = "Models/RealtimeModels.swift"; sourceTree = "<group>"; };
		C05E6278520FED73AFCF2A81 /* User.swift */ = {isa = PBXFileReference; lastKnownFileType = sourcecode.swift; path = "Models/User.swift"; sourceTree = "<group>"; };
		2D6B09E88795AD7F34C13859 /* Assets.xcassets */ = {isa = PBXFileReference; lastKnownFileType = folder.assetcatalog; path = Resources/Assets.xcassets; sourceTree = "<group>"; };
		0721DFFAE4ECE7B8740729E1 /* Info.plist */ = {isa = PBXFileReference; lastKnownFileType = text.plist.xml; path = Resources/Info.plist; sourceTree = "<group>"; };
		38A007151ABE87CC01A5B6E9 /* Tijing.app */ = {isa = PBXFileReference; explicitFileType = wrapper.application; includeInIndex = 0; path = Tijing.app; sourceTree = BUILT_PRODUCTS_DIR; };
/* End PBXFileReference section */

/* Begin PBXFrameworksBuildPhase section */
		7561BFB015D8F536760CB671 = {isa = PBXFrameworksBuildPhase; buildActionMask = 2147483647; files = (); runOnlyForDeploymentPostprocessing = 0; };
/* End PBXFrameworksBuildPhase section */

/* Begin PBXGroup section */
		870B3294C0CBD48AF6BBCC1B = {isa = PBXGroup; children = (3C3B0F03DC089F93B8457928 /* Tijing */, FBDC4F23F93125BBEEAE800C /* Products */); sourceTree = "<group>"; };
		3C3B0F03DC089F93B8457928 /* Tijing */ = {isa = PBXGroup; children = (98470E50E821F5F2AF00BB26 /* RootView.swift */, 53A69F7A44E8F715D22C509C /* SessionStore.swift */, 8FE472762FE569A486580C45 /* TijingApp.swift */, DCF6062C0F52A577ACFD0649 /* QuestionMediaView.swift */, 18D31DF9D92F9E2A1015CF57 /* RemoteAvatar.swift */, C885936E347DE2DC60AC0097 /* StatTile.swift */, C86059123637648878463BAA /* TijingDesign.swift */, 3C2869B1B1D5A358576E332C /* APIClient.swift */, BEB647286A879735C9EB5D1E /* DeviceIdentity.swift */, 6D39F947F6B424D72804C127 /* Formatters.swift */, A76B6196206B21F1890ADFD3 /* Haptics.swift */, DD1009E148F2E7954C5E5489 /* KeychainStore.swift */, 0FBA0FDD97F1B94329F964E5 /* AuthView.swift */, 59A0B3A8CA1205631657C466 /* BattleLobbyView.swift */, 7AE8871D25F684FAB28403D3 /* BattleRoomView.swift */, 2B28236E60A4D4302E96B5E4 /* BattleStore.swift */, CCCC2D1FDF3FA503864FB7BD /* ExamCalendarView.swift */, B6EDAB50319CD29A6F0EF108 /* FriendsView.swift */, 932CD83B219E396BE36D7B59 /* DailyChallengeView.swift */, 84A971B2F2C7D94108A4ACC5 /* HomeView.swift */, CF8600AF2624611CE64A8A51 /* LearningView.swift */, CEA44EB68466BE2F718E9109 /* NotificationsView.swift */, C7D7D482E680D2B9A1075055 /* PracticeCatalogView.swift */, 9DF2C4D2080037528DBAC044 /* PracticeHubView.swift */, E90E0533A1A15CD41F32DAD4 /* PracticeSessionView.swift */, 7693CC57D0CF58378E3DB700 /* PracticeSettingsView.swift */, B86C669586D41DCE95770CDE /* PracticeStore.swift */, 1E218C3CAA4A5272117B0CA3 /* AccountSecurityView.swift */, 88F91F8687D45C76554518D9 /* BattleHistoryView.swift */, 7A09F31197D99D8EC378BF47 /* PolicyViews.swift */, 7BB65496616EB948AAC13B07 /* ProfileView.swift */, 5A5C25FA366650FB970F63D1 /* SuggestionView.swift */, 9232AC4727801E296A75A1D0 /* RankingView.swift */, 491CB2D389CD10B33FEE2281 /* AuthModels.swift */, 974B52C6C09BD9AF098F932B /* BattleModels.swift */, 7B20DD24C7A8D73511FA005B /* CalendarModels.swift */, EEB0F3A8C1F754E0AB9A4881 /* CommunityModels.swift */, DC07CC1E0E9F79A2729A4463 /* HomeModels.swift */, D07039BAFDB9DCF90521883D /* PracticeModels.swift */, 145AC617424D56CAAA985986 /* Question.swift */, 1F79AB228755C83221BEA77C /* RealtimeModels.swift */, C05E6278520FED73AFCF2A81 /* User.swift */, 2D6B09E88795AD7F34C13859 /* Assets.xcassets */, 0721DFFAE4ECE7B8740729E1 /* Info.plist */); path = Tijing; sourceTree = "<group>"; };
		FBDC4F23F93125BBEEAE800C /* Products */ = {isa = PBXGroup; children = (38A007151ABE87CC01A5B6E9 /* Tijing.app */); name = Products; sourceTree = "<group>"; };
/* End PBXGroup section */

/* Begin PBXNativeTarget section */
		0E8A3AD980EC179856012B7E /* Tijing */ = {isa = PBXNativeTarget; buildConfigurationList = 11403D1476B65C302A24E370; buildPhases = (BCE16DD0260827ECF338C787, 7561BFB015D8F536760CB671, 0189424A5A60FED329FA868E); buildRules = (); dependencies = (); name = Tijing; productName = Tijing; productReference = 38A007151ABE87CC01A5B6E9 /* Tijing.app */; productType = "com.apple.product-type.application"; };
/* End PBXNativeTarget section */

/* Begin PBXProject section */
		98F54143AB4E86B28C3AFEE0 /* Project object */ = {isa = PBXProject; attributes = {BuildIndependentTargetsInParallel = 1; LastSwiftUpdateCheck = 1600; LastUpgradeCheck = 1600; TargetAttributes = {0E8A3AD980EC179856012B7E = {CreatedOnToolsVersion = 16.0;};};}; buildConfigurationList = 327D67E03A9EAFAC9004FAEF; compatibilityVersion = "Xcode 15.0"; developmentRegion = zh_CN; hasScannedForEncodings = 0; knownRegions = (zh_CN, Base); mainGroup = 870B3294C0CBD48AF6BBCC1B; productRefGroup = FBDC4F23F93125BBEEAE800C; projectDirPath = ""; projectRoot = ""; targets = (0E8A3AD980EC179856012B7E); };
/* End PBXProject section */

/* Begin PBXResourcesBuildPhase section */
		0189424A5A60FED329FA868E = {isa = PBXResourcesBuildPhase; buildActionMask = 2147483647; files = (C1FFFB61196F8C993C0041FD /* Assets.xcassets in Resources */); runOnlyForDeploymentPostprocessing = 0; };
/* End PBXResourcesBuildPhase section */

/* Begin PBXSourcesBuildPhase section */
		BCE16DD0260827ECF338C787 = {isa = PBXSourcesBuildPhase; buildActionMask = 2147483647; files = (6E5ADF97B74568D5E0C965A2 /* RootView.swift in Sources */, 79A74A4C9194F8B7DFC64AB1 /* SessionStore.swift in Sources */, D6131BE0A2AE0DF610243DAB /* TijingApp.swift in Sources */, 105791928669CAE5B7B83E49 /* QuestionMediaView.swift in Sources */, 42741D628487C69F98E57E3A /* RemoteAvatar.swift in Sources */, A07D8BCA749F515E22997D90 /* StatTile.swift in Sources */, C0B152008A8DA68E080843E8 /* TijingDesign.swift in Sources */, 7B593FE8762E76C85CC81150 /* APIClient.swift in Sources */, 22132B8CE20366F2225A5294 /* DeviceIdentity.swift in Sources */, 71AB2ABA3C2D4C739E72A902 /* Formatters.swift in Sources */, B10224388C82FDD2564E8CD3 /* Haptics.swift in Sources */, B2DB414C5801A1A0791C10A3 /* KeychainStore.swift in Sources */, 459DECD69E51F6D0D70CCFE4 /* AuthView.swift in Sources */, 22592884A302647DECB4BA05 /* BattleLobbyView.swift in Sources */, F1E1C50408F27DCF22FA783C /* BattleRoomView.swift in Sources */, D5F20748E96922C1848D53CE /* BattleStore.swift in Sources */, 6E35B6346DE911835C1619AE /* ExamCalendarView.swift in Sources */, 850CBD8D0902830546074320 /* FriendsView.swift in Sources */, 6063530F57A534C45D519F74 /* DailyChallengeView.swift in Sources */, ED516CE2FE773EA1758789F9 /* HomeView.swift in Sources */, E2B2738C57615910DEC40DC2 /* LearningView.swift in Sources */, 27E2A779ED7C338AA66B0149 /* NotificationsView.swift in Sources */, 7B9F8E5456C104F3C46BD11B /* PracticeCatalogView.swift in Sources */, 50880DE3E808C1E1C0E8E994 /* PracticeHubView.swift in Sources */, 6564E23FEE58DB6AA5F1C52F /* PracticeSessionView.swift in Sources */, 3275C23FA37B403CB4E888FF /* PracticeSettingsView.swift in Sources */, E21BD0A914D6FFDD803416BD /* PracticeStore.swift in Sources */, EDFB1BD8ED63A121EC6F7B5C /* AccountSecurityView.swift in Sources */, 6C888340F14F57800C5C147A /* BattleHistoryView.swift in Sources */, 30C3E68261677033E2F03C4B /* PolicyViews.swift in Sources */, 0BFBCB6F94D084E067A43ACD /* ProfileView.swift in Sources */, AB26CC249F68EEEF8DAA5EFF /* SuggestionView.swift in Sources */, 15D6A7590D45A2A2F63BE03C /* RankingView.swift in Sources */, B66C70A30AED04661445EA80 /* AuthModels.swift in Sources */, C0C1742EB7377BD771AF9C6E /* BattleModels.swift in Sources */, 48A5CE7D4B046AD42C654438 /* CalendarModels.swift in Sources */, C5551C1B80F264500117E5B3 /* CommunityModels.swift in Sources */, FE9A9B7ED1B8241A2D0958F5 /* HomeModels.swift in Sources */, A3F51BD8D29E7806B80B1E01 /* PracticeModels.swift in Sources */, 4986E353A14E3669DE4F7D97 /* Question.swift in Sources */, 101805BB177B1709B5D33F71 /* RealtimeModels.swift in Sources */, ED9473D0003D3AD92E829F8D /* User.swift in Sources */); runOnlyForDeploymentPostprocessing = 0; };
/* End PBXSourcesBuildPhase section */

/* Begin XCBuildConfiguration section */
		7FCD0DA8B2954BD963D5B5C4 /* Debug */ = {isa = XCBuildConfiguration; buildSettings = {ALWAYS_SEARCH_USER_PATHS = NO; CLANG_ANALYZER_NONNULL = YES; CLANG_ENABLE_MODULES = YES; CLANG_ENABLE_OBJC_ARC = YES; CLANG_WARN_BOOL_CONVERSION = YES; CLANG_WARN_CONSTANT_CONVERSION = YES; CLANG_WARN_INT_CONVERSION = YES; CLANG_WARN_UNREACHABLE_CODE = YES; GCC_C_LANGUAGE_STANDARD = gnu17; GCC_NO_COMMON_BLOCKS = YES; GCC_WARN_ABOUT_RETURN_TYPE = YES_ERROR; IPHONEOS_DEPLOYMENT_TARGET = 17.0; SDKROOT = iphoneos; DEBUG_INFORMATION_FORMAT = dwarf; ENABLE_TESTABILITY = YES; GCC_OPTIMIZATION_LEVEL = 0; ONLY_ACTIVE_ARCH = YES; SWIFT_ACTIVE_COMPILATION_CONDITIONS = "DEBUG $(inherited)"; SWIFT_OPTIMIZATION_LEVEL = "-Onone";}; name = Debug; };
		504B6810B36BF9ADE0C509C4 /* Release */ = {isa = XCBuildConfiguration; buildSettings = {ALWAYS_SEARCH_USER_PATHS = NO; CLANG_ANALYZER_NONNULL = YES; CLANG_ENABLE_MODULES = YES; CLANG_ENABLE_OBJC_ARC = YES; CLANG_WARN_BOOL_CONVERSION = YES; CLANG_WARN_CONSTANT_CONVERSION = YES; CLANG_WARN_INT_CONVERSION = YES; CLANG_WARN_UNREACHABLE_CODE = YES; GCC_C_LANGUAGE_STANDARD = gnu17; GCC_NO_COMMON_BLOCKS = YES; GCC_WARN_ABOUT_RETURN_TYPE = YES_ERROR; IPHONEOS_DEPLOYMENT_TARGET = 17.0; SDKROOT = iphoneos; DEBUG_INFORMATION_FORMAT = "dwarf-with-dsym"; ENABLE_NS_ASSERTIONS = NO; SWIFT_COMPILATION_MODE = wholemodule; VALIDATE_PRODUCT = YES;}; name = Release; };
		E1698793B8B09B32821D3120 /* Debug */ = {isa = XCBuildConfiguration; buildSettings = {ASSETCATALOG_COMPILER_APPICON_NAME = AppIcon; ASSETCATALOG_COMPILER_GLOBAL_ACCENT_COLOR_NAME = AccentColor; CODE_SIGN_STYLE = Automatic; CURRENT_PROJECT_VERSION = 1; ENABLE_PREVIEWS = YES; GENERATE_INFOPLIST_FILE = NO; INFOPLIST_FILE = Tijing/Resources/Info.plist; LD_RUNPATH_SEARCH_PATHS = ("$(inherited)", "@executable_path/Frameworks"); MARKETING_VERSION = 1.0; PRODUCT_BUNDLE_IDENTIFIER = com.xiaocai.tijing; PRODUCT_NAME = "$(TARGET_NAME)"; SUPPORTED_PLATFORMS = "iphoneos iphonesimulator"; SUPPORTS_MACCATALYST = NO; SWIFT_EMIT_LOC_STRINGS = YES; SWIFT_VERSION = 5.0; TARGETED_DEVICE_FAMILY = 1;}; name = Debug; };
		FFACE85B9B63AB569355131D /* Release */ = {isa = XCBuildConfiguration; buildSettings = {ASSETCATALOG_COMPILER_APPICON_NAME = AppIcon; ASSETCATALOG_COMPILER_GLOBAL_ACCENT_COLOR_NAME = AccentColor; CODE_SIGN_STYLE = Automatic; CURRENT_PROJECT_VERSION = 1; ENABLE_PREVIEWS = YES; GENERATE_INFOPLIST_FILE = NO; INFOPLIST_FILE = Tijing/Resources/Info.plist; LD_RUNPATH_SEARCH_PATHS = ("$(inherited)", "@executable_path/Frameworks"); MARKETING_VERSION = 1.0; PRODUCT_BUNDLE_IDENTIFIER = com.xiaocai.tijing; PRODUCT_NAME = "$(TARGET_NAME)"; SUPPORTED_PLATFORMS = "iphoneos iphonesimulator"; SUPPORTS_MACCATALYST = NO; SWIFT_EMIT_LOC_STRINGS = YES; SWIFT_VERSION = 5.0; TARGETED_DEVICE_FAMILY = 1;}; name = Release; };
/* End XCBuildConfiguration section */

/* Begin XCConfigurationList section */
		327D67E03A9EAFAC9004FAEF = {isa = XCConfigurationList; buildConfigurations = (7FCD0DA8B2954BD963D5B5C4, 504B6810B36BF9ADE0C509C4); defaultConfigurationIsVisible = 0; defaultConfigurationName = Release; };
		11403D1476B65C302A24E370 = {isa = XCConfigurationList; buildConfigurations = (E1698793B8B09B32821D3120, FFACE85B9B63AB569355131D); defaultConfigurationIsVisible = 0; defaultConfigurationName = Release; };
/* End XCConfigurationList section */
	};
	rootObject = 98F54143AB4E86B28C3AFEE0 /* Project object */;
}
